
Microsoft Visual Studio Solution File, Format Version 12.00
# Visual Studio Version 17
VisualStudioVersion = 17.4.33205.214
MinimumVisualStudioVersion = 10.0.40219.1
Project("{FAE04EC0-301F-11D3-BF4B-00C04F79EFBC}") = "Carousel.Android", "Carousel\Carousel.Android\Carousel.Android.csproj", "{AFDF2814-0321-45CC-93F1-7D34A005ACDA}"
EndProject
Project("{9A19103F-16F7-4668-BE54-9A1E7A4F7556}") = "Carousel", "Carousel\Carousel\Carousel.csproj", "{51B77E9A-25FC-46AA-863B-8BA632FD71D2}"
EndProject
Global
	GlobalSection(SolutionConfigurationPlatforms) = preSolution
		Debug|Any CPU = Debug|Any CPU
		Release|Any CPU = Release|Any CPU
	EndGlobalSection
	GlobalSection(ProjectConfigurationPlatforms) = postSolution
		{AFDF2814-0321-45CC-93F1-7D34A005ACDA}.Debug|Any CPU.ActiveCfg = Debug|Any CPU
		{AFDF2814-0321-45CC-93F1-7D34A005ACDA}.Debug|Any CPU.Build.0 = Debug|Any CPU
		{AFDF2814-0321-45CC-93F1-7D34A005ACDA}.Debug|Any CPU.Deploy.0 = Debug|Any CPU
		{AFDF2814-0321-45CC-93F1-7D34A005ACDA}.Release|Any CPU.ActiveCfg = Release|Any CPU
		{AFDF2814-0321-45CC-93F1-7D34A005ACDA}.Release|Any CPU.Build.0 = Release|Any CPU
		{AFDF2814-0321-45CC-93F1-7D34A005ACDA}.Release|Any CPU.Deploy.0 = Release|Any CPU
		{51B77E9A-25FC-46AA-863B-8BA632FD71D2}.Debug|Any CPU.ActiveCfg = Debug|Any CPU
		{51B77E9A-25FC-46AA-863B-8BA632FD71D2}.Debug|Any CPU.Build.0 = Debug|Any CPU
		{51B77E9A-25FC-46AA-863B-8BA632FD71D2}.Debug|Any CPU.Deploy.0 = Debug|Any CPU
		{51B77E9A-25FC-46AA-863B-8BA632FD71D2}.Release|Any CPU.ActiveCfg = Release|Any CPU
		{51B77E9A-25FC-46AA-863B-8BA632FD71D2}.Release|Any CPU.Build.0 = Release|Any CPU
		{51B77E9A-25FC-46AA-863B-8BA632FD71D2}.Release|Any CPU.Deploy.0 = Release|Any CPU
	EndGlobalSection
	GlobalSection(SolutionProperties) = preSolution
		HideSolutionNode = FALSE
	EndGlobalSection
	GlobalSection(ExtensibilityGlobals) = postSolution
		SolutionGuid = {F591A942-15A6-4A1F-BB53-0FF8A4CD791D}
	EndGlobalSection
EndGlobal
